// !$*UTF8*$!
{
	archiveVersion = 1;
	classes = {
	};
	objectVersion = 55;
	objects = {

/* Begin PBXBuildFile section */
		4218876A28310E4D00DB050F /* WeakView.swift in Sources */ = {isa = PBXBuildFile; fileRef = 4218876928310E4D00DB050F /* WeakView.swift */; };
		42273BAC283240930043DA25 /* DownloadWithCombine.swift in Sources */ = {isa = PBXBuildFile; fileRef = 42273BAB283240930043DA25 /* DownloadWithCombine.swift */; };
		422D6DC0283BA74A001E497C /* InitTest.swift in Sources */ = {isa = PBXBuildFile; fileRef = 422D6DBF283BA74A001E497C /* InitTest.swift */; };
		4244BD502844CEF600245B96 /* CoreDataCamp.swift in Sources */ = {isa = PBXBuildFile; fileRef = 4244BD4F2844CEF600245B96 /* CoreDataCamp.swift */; };
		4244BD532844CF9500245B96 /* FruitsContainer.xcdatamodeld in Sources */ = {isa = PBXBuildFile; fileRef = 4244BD512844CF9500245B96 /* FruitsContainer.xcdatamodeld */; };
		424D6A732833405B00DCCB05 /* DownloadImageView.swift in Sources */ = {isa = PBXBuildFile; fileRef = 424D6A722833405B00DCCB05 /* DownloadImageView.swift */; };
		424D6A7B2833410200DCCB05 /* PhotoModel.swift in Sources */ = {isa = PBXBuildFile; fileRef = 424D6A7A2833410200DCCB05 /* PhotoModel.swift */; };
		424D6A7D2833417500DCCB05 /* DonwloadImageViewModel.swift in Sources */ = {isa = PBXBuildFile; fileRef = 424D6A7C2833417500DCCB05 /* DonwloadImageViewModel.swift */; };
		424D6A7F2833423000DCCB05 /* PhotoModelDataService.swift in Sources */ = {isa = PBXBuildFile; fileRef = 424D6A7E2833423000DCCB05 /* PhotoModelDataService.swift */; };
		424D6A8128336CE500DCCB05 /* DownloadImageRowView.swift in Sources */ = {isa = PBXBuildFile; fileRef = 424D6A8028336CE500DCCB05 /* DownloadImageRowView.swift */; };
		424D6A8528336E6600DCCB05 /* ProfilePictureView.swift in Sources */ = {isa = PBXBuildFile; fileRef = 424D6A8428336E6600DCCB05 /* ProfilePictureView.swift */; };
		424D6A8728336E9E00DCCB05 /* ProfilePictureViewModel.swift in Sources */ = {isa = PBXBuildFile; fileRef = 424D6A8628336E9E00DCCB05 /* ProfilePictureViewModel.swift */; };
		424D6A8928338F5900DCCB05 /* PhotoModelCacheManager.swift in Sources */ = {isa = PBXBuildFile; fileRef = 424D6A8828338F5900DCCB05 /* PhotoModelCacheManager.swift */; };
		424D6A8B2833908500DCCB05 /* PhotoModelFileManager.swift in Sources */ = {isa = PBXBuildFile; fileRef = 424D6A8A2833908500DCCB05 /* PhotoModelFileManager.swift */; };
		4267CB01282FB07600A491D3 /* SubscriberView.swift in Sources */ = {isa = PBXBuildFile; fileRef = 4267CB00282FB07600A491D3 /* SubscriberView.swift */; };
		428B8F4F282E561900D781A7 /* BestMessApp.swift in Sources */ = {isa = PBXBuildFile; fileRef = 428B8F4E282E561900D781A7 /* BestMessApp.swift */; };
		428B8F51282E561900D781A7 /* ContentView.swift in Sources */ = {isa = PBXBuildFile; fileRef = 428B8F50282E561900D781A7 /* ContentView.swift */; };
		428B8F53282E561A00D781A7 /* Assets.xcassets in Resources */ = {isa = PBXBuildFile; fileRef = 428B8F52282E561A00D781A7 /* Assets.xcassets */; };
		428B8F56282E561A00D781A7 /* Preview Assets.xcassets in Resources */ = {isa = PBXBuildFile; fileRef = 428B8F55282E561A00D781A7 /* Preview Assets.xcassets */; };
/* End PBXBuildFile section */

/* Begin PBXFileReference section */
		4218876928310E4D00DB050F /* WeakView.swift */ = {isa = PBXFileReference; lastKnownFileType = sourcecode.swift; path = WeakView.swift; sourceTree = "<group>"; };
		42273BAB283240930043DA25 /* DownloadWithCombine.swift */ = {isa = PBXFileReference; lastKnownFileType = sourcecode.swift; path = DownloadWithCombine.swift; sourceTree = "<group>"; };
		422D6DBF283BA74A001E497C /* InitTest.swift */ = {isa = PBXFileReference; lastKnownFileType = sourcecode.swift; path = InitTest.swift; sourceTree = "<group>"; };
		4244BD4F2844CEF600245B96 /* CoreDataCamp.swift */ = {isa = PBXFileReference; lastKnownFileType = sourcecode.swift; path = CoreDataCamp.swift; sourceTree = "<group>"; };
		4244BD522844CF9500245B96 /* FruitsContainer.xcdatamodel */ = {isa = PBXFileReference; lastKnownFileType = wrapper.xcdatamodel; path = FruitsContainer.xcdatamodel; sourceTree = "<group>"; };
		424D6A722833405B00DCCB05 /* DownloadImageView.swift */ = {isa = PBXFileReference; lastKnownFileType = sourcecode.swift; path = DownloadImageView.swift; sourceTree = "<group>"; };
		424D6A7A2833410200DCCB05 /* PhotoModel.swift */ = {isa = PBXFileReference; lastKnownFileType = sourcecode.swift; path = PhotoModel.swift; sourceTree = "<group>"; };
		424D6A7C2833417500DCCB05 /* DonwloadImageViewModel.swift */ = {isa = PBXFileReference; lastKnownFileType = sourcecode.swift; path = DonwloadImageViewModel.swift; sourceTree = "<group>"; };
		424D6A7E2833423000DCCB05 /* PhotoModelDataService.swift */ = {isa = PBXFileReference; lastKnownFileType = sourcecode.swift; path = PhotoModelDataService.swift; sourceTree = "<group>"; };
		424D6A8028336CE500DCCB05 /* DownloadImageRowView.swift */ = {isa = PBXFileReference; lastKnownFileType = sourcecode.swift; path = DownloadImageRowView.swift; sourceTree = "<group>"; };
		424D6A8428336E6600DCCB05 /* ProfilePictureView.swift */ = {isa = PBXFileReference; lastKnownFileType = sourcecode.swift; path = ProfilePictureView.swift; sourceTree = "<group>"; };
		424D6A8628336E9E00DCCB05 /* ProfilePictureViewModel.swift */ = {isa = PBXFileReference; lastKnownFileType = sourcecode.swift; path = ProfilePictureViewModel.swift; sourceTree = "<group>"; };
		424D6A8828338F5900DCCB05 /* PhotoModelCacheManager.swift */ = {isa = PBXFileReference; lastKnownFileType = sourcecode.swift; path = PhotoModelCacheManager.swift; sourceTree = "<group>"; };
		424D6A8A2833908500DCCB05 /* PhotoModelFileManager.swift */ = {isa = PBXFileReference; lastKnownFileType = sourcecode.swift; path = PhotoModelFileManager.swift; sourceTree = "<group>"; };
		4267CB00282FB07600A491D3 /* SubscriberView.swift */ = {isa = PBXFileReference; lastKnownFileType = sourcecode.swift; path = SubscriberView.swift; sourceTree = "<group>"; };
		428B8F4B282E561900D781A7 /* BestMess.app */ = {isa = PBXFileReference; explicitFileType = wrapper.application; includeInIndex = 0; path = BestMess.app; sourceTree = BUILT_PRODUCTS_DIR; };
		428B8F4E282E561900D781A7 /* BestMessApp.swift */ = {isa = PBXFileReference; lastKnownFileType = sourcecode.swift; path = BestMessApp.swift; sourceTree = "<group>"; };
		428B8F50282E561900D781A7 /* ContentView.swift */ = {isa = PBXFileReference; lastKnownFileType = sourcecode.swift; path = ContentView.swift; sourceTree = "<group>"; };
		428B8F52282E561A00D781A7 /* Assets.xcassets */ = {isa = PBXFileReference; lastKnownFileType = folder.assetcatalog; path = Assets.xcassets; sourceTree = "<group>"; };
		428B8F55282E561A00D781A7 /* Preview Assets.xcassets */ = {isa = PBXFileReference; lastKnownFileType = folder.assetcatalog; path = "Preview Assets.xcassets"; sourceTree = "<group>"; };
/* End PBXFileReference section */

/* Begin PBXFrameworksBuildPhase section */
		428B8F48282E561900D781A7 /* Frameworks */ = {
			isa = PBXFrameworksBuildPhase;
			buildActionMask = 2147483647;
			files = (
			);
			runOnlyForDeploymentPostprocessing = 0;
		};
/* End PBXFrameworksBuildPhase section */

/* Begin PBXGroup section */
		424D6A74283340A300DCCB05 /* Mess */ = {
			isa = PBXGroup;
			children = (
				42273BAB283240930043DA25 /* DownloadWithCombine.swift */,
				4218876928310E4D00DB050F /* WeakView.swift */,
				4267CB00282FB07600A491D3 /* SubscriberView.swift */,
				428B8F50282E561900D781A7 /* ContentView.swift */,
				422D6DBF283BA74A001E497C /* InitTest.swift */,
				4244BD4F2844CEF600245B96 /* CoreDataCamp.swift */,
			);
			path = Mess;
			sourceTree = "<group>";
		};
		424D6A75283340A700DCCB05 /* View */ = {
			isa = PBXGroup;
			children = (
				424D6A722833405B00DCCB05 /* DownloadImageView.swift */,
				424D6A8028336CE500DCCB05 /* DownloadImageRowView.swift */,
				424D6A8428336E6600DCCB05 /* ProfilePictureView.swift */,
			);
			path = View;
			sourceTree = "<group>";
		};
		424D6A76283340AB00DCCB05 /* ViewModel */ = {
			isa = PBXGroup;
			children = (
				424D6A7C2833417500DCCB05 /* DonwloadImageViewModel.swift */,
				424D6A8628336E9E00DCCB05 /* ProfilePictureViewModel.swift */,
			);
			path = ViewModel;
			sourceTree = "<group>";
		};
		424D6A77283340B000DCCB05 /* Model */ = {
			isa = PBXGroup;
			children = (
				424D6A7A2833410200DCCB05 /* PhotoModel.swift */,
				4244BD512844CF9500245B96 /* FruitsContainer.xcdatamodeld */,
			);
			path = Model;
			sourceTree = "<group>";
		};
		424D6A78283340B600DCCB05 /* Utilities */ = {
			isa = PBXGroup;
			children = (
				424D6A7E2833423000DCCB05 /* PhotoModelDataService.swift */,
				424D6A8828338F5900DCCB05 /* PhotoModelCacheManager.swift */,
				424D6A8A2833908500DCCB05 /* PhotoModelFileManager.swift */,
			);
			path = Utilities;
			sourceTree = "<group>";
		};
		428B8F42282E561900D781A7 = {
			isa = PBXGroup;
			children = (
				428B8F4D282E561900D781A7 /* BestMess */,
				428B8F4C282E561900D781A7 /* Products */,
			);
			sourceTree = "<group>";
		};
		428B8F4C282E561900D781A7 /* Products */ = {
			isa = PBXGroup;
			children = (
				428B8F4B282E561900D781A7 /* BestMess.app */,
			);
			name = Products;
			sourceTree = "<group>";
		};
		428B8F4D282E561900D781A7 /* BestMess */ = {
			isa = PBXGroup;
			children = (
				424D6A78283340B600DCCB05 /* Utilities */,
				424D6A77283340B000DCCB05 /* Model */,
				424D6A76283340AB00DCCB05 /* ViewModel */,
				424D6A75283340A700DCCB05 /* View */,
				424D6A74283340A300DCCB05 /* Mess */,
				428B8F54282E561A00D781A7 /* Preview Content */,
				428B8F4E282E561900D781A7 /* BestMessApp.swift */,
				428B8F52282E561A00D781A7 /* Assets.xcassets */,
			);
			path = BestMess;
			sourceTree = "<group>";
		};
		428B8F54282E561A00D781A7 /* Preview Content */ = {
			isa = PBXGroup;
			children = (
				428B8F55282E561A00D781A7 /* Preview Assets.xcassets */,
			);
			path = "Preview Content";
			sourceTree = "<group>";
		};
/* End PBXGroup section */

/* Begin PBXNativeTarget section */
		428B8F4A282E561900D781A7 /* BestMess */ = {
			isa = PBXNativeTarget;
			buildConfigurationList = 428B8F59282E561A00D781A7 /* Build configuration list for PBXNativeTarget "BestMess" */;
			buildPhases = (
				428B8F47282E561900D781A7 /* Sources */,
				428B8F48282E561900D781A7 /* Frameworks */,
				428B8F49282E561900D781A7 /* Resources */,
			);
			buildRules = (
			);
			dependencies = (
			);
			name = BestMess;
			productName = BestMess;
			productReference = 428B8F4B282E561900D781A7 /* BestMess.app */;
			productType = "com.apple.product-type.application";
		};
/* End PBXNativeTarget section */

/* Begin PBXProject section */
		428B8F43282E561900D781A7 /* Project object */ = {
			isa = PBXProject;
			attributes = {
				BuildIndependentTargetsInParallel = 1;
				LastSwiftUpdateCheck = 1330;
				LastUpgradeCheck = 1330;
				TargetAttributes = {
					428B8F4A282E561900D781A7 = {
						CreatedOnToolsVersion = 13.3.1;
					};
				};
			};
			buildConfigurationList = 428B8F46282E561900D781A7 /* Build configuration list for PBXProject "BestMess" */;
			compatibilityVersion = "Xcode 13.0";
			developmentRegion = en;
			hasScannedForEncodings = 0;
			knownRegions = (
				en,
				Base,
			);
			mainGroup = 428B8F42282E561900D781A7;
			productRefGroup = 428B8F4C282E561900D781A7 /* Products */;
			projectDirPath = "";
			projectRoot = "";
			targets = (
				428B8F4A282E561900D781A7 /* BestMess */,
			);
		};
/* End PBXProject section */

/* Begin PBXResourcesBuildPhase section */
		428B8F49282E561900D781A7 /* Resources */ = {
			isa = PBXResourcesBuildPhase;
			buildActionMask = 2147483647;
			files = (
				428B8F56282E561A00D781A7 /* Preview Assets.xcassets in Resources */,
				428B8F53282E561A00D781A7 /* Assets.xcassets in Resources */,
			);
			runOnlyForDeploymentPostprocessing = 0;
		};
/* End PBXResourcesBuildPhase section */

/* Begin PBXSourcesBuildPhase section */
		428B8F47282E561900D781A7 /* Sources */ = {
			isa = PBXSourcesBuildPhase;
			buildActionMask = 2147483647;
			files = (
				424D6A8928338F5900DCCB05 /* PhotoModelCacheManager.swift in Sources */,
				4244BD502844CEF600245B96 /* CoreDataCamp.swift in Sources */,
				4244BD532844CF9500245B96 /* FruitsContainer.xcdatamodeld in Sources */,
				4218876A28310E4D00DB050F /* WeakView.swift in Sources */,
				424D6A8728336E9E00DCCB05 /* ProfilePictureViewModel.swift in Sources */,
				42273BAC283240930043DA25 /* DownloadWithCombine.swift in Sources */,
				4267CB01282FB07600A491D3 /* SubscriberView.swift in Sources */,
				428B8F51282E561900D781A7 /* ContentView.swift in Sources */,
				424D6A8B2833908500DCCB05 /* PhotoModelFileManager.swift in Sources */,
				424D6A7B2833410200DCCB05 /* PhotoModel.swift in Sources */,
				424D6A7F2833423000DCCB05 /* PhotoModelDataService.swift in Sources */,
				424D6A732833405B00DCCB05 /* DownloadImageView.swift in Sources */,
				424D6A8528336E6600DCCB05 /* ProfilePictureView.swift in Sources */,
				424D6A7D2833417500DCCB05 /* DonwloadImageViewModel.swift in Sources */,
				428B8F4F282E561900D781A7 /* BestMessApp.swift in Sources */,
				422D6DC0283BA74A001E497C /* InitTest.swift in Sources */,
				424D6A8128336CE500DCCB05 /* DownloadImageRowView.swift in Sources */,
			);
			runOnlyForDeploymentPostprocessing = 0;
		};
/* End PBXSourcesBuildPhase section */

/* Begin XCBuildConfiguration section */
		428B8F57282E561A00D781A7 /* Debug */ = {
			isa = XCBuildConfiguration;
			buildSettings = {
				ALWAYS_SEARCH_USER_PATHS = NO;
				CLANG_ANALYZER_NONNULL = YES;
				CLANG_ANALYZER_NUMBER_OBJECT_CONVERSION = YES_AGGRESSIVE;
				CLANG_CXX_LANGUAGE_STANDARD = "gnu++17";
				CLANG_ENABLE_MODULES = YES;
				CLANG_ENABLE_OBJC_ARC = YES;
				CLANG_ENABLE_OBJC_WEAK = YES;
				CLANG_WARN_BLOCK_CAPTURE_AUTORELEASING = YES;
				CLANG_WARN_BOOL_CONVERSION = YES;
				CLANG_WARN_COMMA = YES;
				CLANG_WARN_CONSTANT_CONVERSION = YES;
				CLANG_WARN_DEPRECATED_OBJC_IMPLEMENTATIONS = YES;
				CLANG_WARN_DIRECT_OBJC_ISA_USAGE = YES_ERROR;
				CLANG_WARN_DOCUMENTATION_COMMENTS = YES;
				CLANG_WARN_EMPTY_BODY = YES;
				CLANG_WARN_ENUM_CONVERSION = YES;
				CLANG_WARN_INFINITE_RECURSION = YES;
				CLANG_WARN_INT_CONVERSION = YES;
				CLANG_WARN_NON_LITERAL_NULL_CONVERSION = YES;
				CLANG_WARN_OBJC_IMPLICIT_RETAIN_SELF = YES;
				CLANG_WARN_OBJC_LITERAL_CONVERSION = YES;
				CLANG_WARN_OBJC_ROOT_CLASS = YES_ERROR;
				CLANG_WARN_QUOTED_INCLUDE_IN_FRAMEWORK_HEADER = YES;
				CLANG_WARN_RANGE_LOOP_ANALYSIS = YES;
				CLANG_WARN_STRICT_PROTOTYPES = YES;
				CLANG_WARN_SUSPICIOUS_MOVE = YES;
				CLANG_WARN_UNGUARDED_AVAILABILITY = YES_AGGRESSIVE;
				CLANG_WARN_UNREACHABLE_CODE = YES;
				CLANG_WARN__DUPLICATE_METHOD_MATCH = YES;
				COPY_PHASE_STRIP = NO;
				DEBUG_INFORMATION_FORMAT = dwarf;
				ENABLE_STRICT_OBJC_MSGSEND = YES;
				ENABLE_TESTABILITY = YES;
				GCC_C_LANGUAGE_STANDARD = gnu11;
				GCC_DYNAMIC_NO_PIC = NO;
				GCC_NO_COMMON_BLOCKS = YES;
				GCC_OPTIMIZATION_LEVEL = 0;
				GCC_PREPROCESSOR_DEFINITIONS = (
					"DEBUG=1",
					"$(inherited)",
				);
				GCC_WARN_64_TO_32_BIT_CONVERSION = YES;
				GCC_WARN_ABOUT_RETURN_TYPE = YES_ERROR;
				GCC_WARN_UNDECLARED_SELECTOR = YES;
				GCC_WARN_UNINITIALIZED_AUTOS = YES_AGGRESSIVE;
				GCC_WARN_UNUSED_FUNCTION = YES;
				GCC_WARN_UNUSED_VARIABLE = YES;
				IPHONEOS_DEPLOYMENT_TARGET = 15.4;
				MTL_ENABLE_DEBUG_INFO = INCLUDE_SOURCE;
				MTL_FAST_MATH = YES;
				ONLY_ACTIVE_ARCH = YES;
				SDKROOT = iphoneos;
				SWIFT_ACTIVE_COMPILATION_CONDITIONS = DEBUG;
				SWIFT_OPTIMIZATION_LEVEL = "-Onone";
			};
			name = Debug;
		};
		428B8F58282E561A00D781A7 /* Release */ = {
			isa = XCBuildConfiguration;
			buildSettings = {
				ALWAYS_SEARCH_USER_PATHS = NO;
				CLANG_ANALYZER_NONNULL = YES;
				CLANG_ANALYZER_NUMBER_OBJECT_CONVERSION = YES_AGGRESSIVE;
				CLANG_CXX_LANGUAGE_STANDARD = "gnu++17";
				CLANG_ENABLE_MODULES = YES;
				CLANG_ENABLE_OBJC_ARC = YES;
				CLANG_ENABLE_OBJC_WEAK = YES;
				CLANG_WARN_BLOCK_CAPTURE_AUTORELEASING = YES;
				CLANG_WARN_BOOL_CONVERSION = YES;
				CLANG_WARN_COMMA = YES;
				CLANG_WARN_CONSTANT_CONVERSION = YES;
				CLANG_WARN_DEPRECATED_OBJC_IMPLEMENTATIONS = YES;
				CLANG_WARN_DIRECT_OBJC_ISA_USAGE = YES_ERROR;
				CLANG_WARN_DOCUMENTATION_COMMENTS = YES;
				CLANG_WARN_EMPTY_BODY = YES;
				CLANG_WARN_ENUM_CONVERSION = YES;
				CLANG_WARN_INFINITE_RECURSION = YES;
				CLANG_WARN_INT_CONVERSION = YES;
				CLANG_WARN_NON_LITERAL_NULL_CONVERSION = YES;
				CLANG_WARN_OBJC_IMPLICIT_RETAIN_SELF = YES;
				CLANG_WARN_OBJC_LITERAL_CONVERSION = YES;
				CLANG_WARN_OBJC_ROOT_CLASS = YES_ERROR;
				CLANG_WARN_QUOTED_INCLUDE_IN_FRAMEWORK_HEADER = YES;
				CLANG_WARN_RANGE_LOOP_ANALYSIS = YES;
				CLANG_WARN_STRICT_PROTOTYPES = YES;
				CLANG_WARN_SUSPICIOUS_MOVE = YES;
				CLANG_WARN_UNGUARDED_AVAILABILITY = YES_AGGRESSIVE;
				CLANG_WARN_UNREACHABLE_CODE = YES;
				CLANG_WARN__DUPLICATE_METHOD_MATCH = YES;
				COPY_PHASE_STRIP = NO;
				DEBUG_INFORMATION_FORMAT = "dwarf-with-dsym";
				ENABLE_NS_ASSERTIONS = NO;
				ENABLE_STRICT_OBJC_MSGSEND = YES;
				GCC_C_LANGUAGE_STANDARD = gnu11;
				GCC_NO_COMMON_BLOCKS = YES;
				GCC_WARN_64_TO_32_BIT_CONVERSION = YES;
				GCC_WARN_ABOUT_RETURN_TYPE = YES_ERROR;
				GCC_WARN_UNDECLARED_SELECTOR = YES;
				GCC_WARN_UNINITIALIZED_AUTOS = YES_AGGRESSIVE;
				GCC_WARN_UNUSED_FUNCTION = YES;
				GCC_WARN_UNUSED_VARIABLE = YES;
				IPHONEOS_DEPLOYMENT_TARGET = 15.4;
				MTL_ENABLE_DEBUG_INFO = NO;
				MTL_FAST_MATH = YES;
				SDKROOT = iphoneos;
				SWIFT_COMPILATION_MODE = wholemodule;
				SWIFT_OPTIMIZATION_LEVEL = "-O";
				VALIDATE_PRODUCT = YES;
			};
			name = Release;
		};
		428B8F5A282E561A00D781A7 /* Debug */ = {
			isa = XCBuildConfiguration;
			buildSettings = {
				ASSETCATALOG_COMPILER_APPICON_NAME = AppIcon;
				ASSETCATALOG_COMPILER_GLOBAL_ACCENT_COLOR_NAME = AccentColor;
				CODE_SIGN_STYLE = Automatic;
				CURRENT_PROJECT_VERSION = 1;
				DEVELOPMENT_ASSET_PATHS = "\"BestMess/Preview Content\"";
				DEVELOPMENT_TEAM = XLS842JFZV;
				ENABLE_PREVIEWS = YES;
				GENERATE_INFOPLIST_FILE = YES;
				INFOPLIST_KEY_UIApplicationSceneManifest_Generation = YES;
				INFOPLIST_KEY_UIApplicationSupportsIndirectInputEvents = YES;
				INFOPLIST_KEY_UILaunchScreen_Generation = YES;
				INFOPLIST_KEY_UISupportedInterfaceOrientations_iPad = "UIInterfaceOrientationPortrait UIInterfaceOrientationPortraitUpsideDown UIInterfaceOrientationLandscapeLeft UIInterfaceOrientationLandscapeRight";
				INFOPLIST_KEY_UISupportedInterfaceOrientations_iPhone = "UIInterfaceOrientationPortrait UIInterfaceOrientationLandscapeLeft UIInterfaceOrientationLandscapeRight";
				LD_RUNPATH_SEARCH_PATHS = (
					"$(inherited)",
					"@executable_path/Frameworks",
				);
				MARKETING_VERSION = 1.0;
				PRODUCT_BUNDLE_IDENTIFIER = "Mr.-Beast.BestMess";
				PRODUCT_NAME = "$(TARGET_NAME)";
				SWIFT_EMIT_LOC_STRINGS = YES;
				SWIFT_VERSION = 5.0;
				TARGETED_DEVICE_FAMILY = "1,2";
			};
			name = Debug;
		};
		428B8F5B282E561A00D781A7 /* Release */ = {
			isa = XCBuildConfiguration;
			buildSettings = {
				ASSETCATALOG_COMPILER_APPICON_NAME = AppIcon;
				ASSETCATALOG_COMPILER_GLOBAL_ACCENT_COLOR_NAME = AccentColor;
				CODE_SIGN_STYLE = Automatic;
				CURRENT_PROJECT_VERSION = 1;
				DEVELOPMENT_ASSET_PATHS = "\"BestMess/Preview Content\"";
				DEVELOPMENT_TEAM = XLS842JFZV;
				ENABLE_PREVIEWS = YES;
				GENERATE_INFOPLIST_FILE = YES;
				INFOPLIST_KEY_UIApplicationSceneManifest_Generation = YES;
				INFOPLIST_KEY_UIApplicationSupportsIndirectInputEvents = YES;
				INFOPLIST_KEY_UILaunchScreen_Generation = YES;
				INFOPLIST_KEY_UISupportedInterfaceOrientations_iPad = "UIInterfaceOrientationPortrait UIInterfaceOrientationPortraitUpsideDown UIInterfaceOrientationLandscapeLeft UIInterfaceOrientationLandscapeRight";
				INFOPLIST_KEY_UISupportedInterfaceOrientations_iPhone = "UIInterfaceOrientationPortrait UIInterfaceOrientationLandscapeLeft UIInterfaceOrientationLandscapeRight";
				LD_RUNPATH_SEARCH_PATHS = (
					"$(inherited)",
					"@executable_path/Frameworks",
				);
				MARKETING_VERSION = 1.0;
				PRODUCT_BUNDLE_IDENTIFIER = "Mr.-Beast.BestMess";
				PRODUCT_NAME = "$(TARGET_NAME)";
				SWIFT_EMIT_LOC_STRINGS = YES;
				SWIFT_VERSION = 5.0;
				TARGETED_DEVICE_FAMILY = "1,2";
			};
			name = Release;
		};
/* End XCBuildConfiguration section */

/* Begin XCConfigurationList section */
		428B8F46282E561900D781A7 /* Build configuration list for PBXProject "BestMess" */ = {
			isa = XCConfigurationList;
			buildConfigurations = (
				428B8F57282E561A00D781A7 /* Debug */,
				428B8F58282E561A00D781A7 /* Release */,
			);
			defaultConfigurationIsVisible = 0;
			defaultConfigurationName = Release;
		};
		428B8F59282E561A00D781A7 /* Build configuration list for PBXNativeTarget "BestMess" */ = {
			isa = XCConfigurationList;
			buildConfigurations = (
				428B8F5A282E561A00D781A7 /* Debug */,
				428B8F5B282E561A00D781A7 /* Release */,
			);
			defaultConfigurationIsVisible = 0;
			defaultConfigurationName = Release;
		};
/* End XCConfigurationList section */

/* Begin XCVersionGroup section */
		4244BD512844CF9500245B96 /* FruitsContainer.xcdatamodeld */ = {
			isa = XCVersionGroup;
			children = (
				4244BD522844CF9500245B96 /* FruitsContainer.xcdatamodel */,
			);
			currentVersion = 4244BD522844CF9500245B96 /* FruitsContainer.xcdatamodel */;
			path = FruitsContainer.xcdatamodeld;
			sourceTree = "<group>";
			versionGroupType = wrapper.xcdatamodel;
		};
/* End XCVersionGroup section */
	};
	rootObject = 428B8F43282E561900D781A7 /* Project object */;
}
